// !$*UTF8*$!
{
	archiveVersion = 1;
	classes = {
	};
	objectVersion = 46;
	objects = {

/* Begin PBXBuildFile section */
		6105C3E91F03971E00A96B2A /* CellModelObject.m in Sources */ = {isa = PBXBuildFile; fileRef = 6105C3E81F03971E00A96B2A /* CellModelObject.m */; };
		6105C3EC1F0397F700A96B2A /* CellModelPriceObject.m in Sources */ = {isa = PBXBuildFile; fileRef = 6105C3EB1F0397F700A96B2A /* CellModelPriceObject.m */; };
		6105C3EF1F03A09000A96B2A /* MineTitleView.m in Sources */ = {isa = PBXBuildFile; fileRef = 6105C3EE1F03A09000A96B2A /* MineTitleView.m */; };
		6105C3F21F03A30700A96B2A /* LoginViewController.m in Sources */ = {isa = PBXBuildFile; fileRef = 6105C3F11F03A30700A96B2A /* LoginViewController.m */; };
		6105C3F51F03A32400A96B2A /* RegistViewController.m in Sources */ = {isa = PBXBuildFile; fileRef = 6105C3F41F03A32400A96B2A /* RegistViewController.m */; };
		6105C4131F03D1FB00A96B2A /* LoginWithPwdViewController.m in Sources */ = {isa = PBXBuildFile; fileRef = 6105C4121F03D1FB00A96B2A /* LoginWithPwdViewController.m */; };
		6105C4161F03D20700A96B2A /* LoginWithVerifyCodeViewController.m in Sources */ = {isa = PBXBuildFile; fileRef = 6105C4151F03D20700A96B2A /* LoginWithVerifyCodeViewController.m */; };
		612805491F01F73E00C31B18 /* QuotePriceStyleOneTableViewCell.m in Sources */ = {isa = PBXBuildFile; fileRef = 612805481F01F73E00C31B18 /* QuotePriceStyleOneTableViewCell.m */; };
		6128054C1F01F74E00C31B18 /* QuotePriceStyleTwoTableViewCell.m in Sources */ = {isa = PBXBuildFile; fileRef = 6128054B1F01F74E00C31B18 /* QuotePriceStyleTwoTableViewCell.m */; };
		6128054F1F01F75D00C31B18 /* QuotePriceStyleThreeTableViewCell.m in Sources */ = {isa = PBXBuildFile; fileRef = 6128054E1F01F75D00C31B18 /* QuotePriceStyleThreeTableViewCell.m */; };
		612805521F01F76800C31B18 /* QuotePriceStyleFourTableViewCell.m in Sources */ = {isa = PBXBuildFile; fileRef = 612805511F01F76800C31B18 /* QuotePriceStyleFourTableViewCell.m */; };
		612805551F01F77500C31B18 /* QuotePriceStyleFiveTableViewCell.m in Sources */ = {isa = PBXBuildFile; fileRef = 612805541F01F77500C31B18 /* QuotePriceStyleFiveTableViewCell.m */; };
		612805581F01F78000C31B18 /* QuotePriceStyleSixTableViewCell.m in Sources */ = {isa = PBXBuildFile; fileRef = 612805571F01F77F00C31B18 /* QuotePriceStyleSixTableViewCell.m */; };
		6128055C1F026F8600C31B18 /* BigClassObject.m in Sources */ = {isa = PBXBuildFile; fileRef = 6128055B1F026F8600C31B18 /* BigClassObject.m */; };
		6128055F1F02700D00C31B18 /* MidClassObject.m in Sources */ = {isa = PBXBuildFile; fileRef = 6128055E1F02700D00C31B18 /* MidClassObject.m */; };
		612805651F027A4C00C31B18 /* SmallClassObject.m in Sources */ = {isa = PBXBuildFile; fileRef = 612805641F027A4C00C31B18 /* SmallClassObject.m */; };
		617BDF441F0B2CCA00645073 /* QuotePriceTableViewCellBtn.m in Sources */ = {isa = PBXBuildFile; fileRef = 617BDF431F0B2CCA00645073 /* QuotePriceTableViewCellBtn.m */; };
		617BDF471F0B69B300645073 /* QuotePriceChartsDetailViewController.m in Sources */ = {isa = PBXBuildFile; fileRef = 617BDF461F0B69B300645073 /* QuotePriceChartsDetailViewController.m */; };
		61A193C11F08BA9500059FE4 /* SearchViewController.m in Sources */ = {isa = PBXBuildFile; fileRef = 61A193C01F08BA9500059FE4 /* SearchViewController.m */; };
		61A193C41F08BAB300059FE4 /* FilterViewController.m in Sources */ = {isa = PBXBuildFile; fileRef = 61A193C31F08BAB300059FE4 /* FilterViewController.m */; };
		61A193C71F08BB1B00059FE4 /* SearchDetailViewController.m in Sources */ = {isa = PBXBuildFile; fileRef = 61A193C61F08BB1B00059FE4 /* SearchDetailViewController.m */; };
		61A193CA1F08CB2400059FE4 /* FilterButton.m in Sources */ = {isa = PBXBuildFile; fileRef = 61A193C91F08CB2400059FE4 /* FilterButton.m */; };
		61DEBF9E1F0541AC0084D40C /* UIButton+countDown.m in Sources */ = {isa = PBXBuildFile; fileRef = 61DEBF9D1F0541AC0084D40C /* UIButton+countDown.m */; };
		61DEBFA11F0542140084D40C /* NSString+Common.m in Sources */ = {isa = PBXBuildFile; fileRef = 61DEBFA01F0542140084D40C /* NSString+Common.m */; };
		61DEBFA61F0542B00084D40C /* MBManager.m in Sources */ = {isa = PBXBuildFile; fileRef = 61DEBFA51F0542B00084D40C /* MBManager.m */; };
		61DEBFA91F0544B30084D40C /* ForgetPwdViewController.m in Sources */ = {isa = PBXBuildFile; fileRef = 61DEBFA81F0544B30084D40C /* ForgetPwdViewController.m */; };
		61DEBFAC1F054AAC0084D40C /* RegistProtocolButton.m in Sources */ = {isa = PBXBuildFile; fileRef = 61DEBFAB1F054AAC0084D40C /* RegistProtocolButton.m */; };
		61EEC2B81F00A6E40014E44C /* main.m in Sources */ = {isa = PBXBuildFile; fileRef = 61EEC2B71F00A6E40014E44C /* main.m */; };
		61EEC2BB1F00A6E40014E44C /* AppDelegate.m in Sources */ = {isa = PBXBuildFile; fileRef = 61EEC2BA1F00A6E40014E44C /* AppDelegate.m */; };
		61EEC2BE1F00A6E40014E44C /* ViewController.m in Sources */ = {isa = PBXBuildFile; fileRef = 61EEC2BD1F00A6E40014E44C /* ViewController.m */; };
		61EEC2C11F00A6E40014E44C /* Main.storyboard in Resources */ = {isa = PBXBuildFile; fileRef = 61EEC2BF1F00A6E40014E44C /* Main.storyboard */; };
		61EEC2C31F00A6E40014E44C /* Assets.xcassets in Resources */ = {isa = PBXBuildFile; fileRef = 61EEC2C21F00A6E40014E44C /* Assets.xcassets */; };
		61EEC2C61F00A6E40014E44C /* LaunchScreen.storyboard in Resources */ = {isa = PBXBuildFile; fileRef = 61EEC2C41F00A6E40014E44C /* LaunchScreen.storyboard */; };
		61EEC2D11F00A6E40014E44C /* HeavyMetalProjectTests.m in Sources */ = {isa = PBXBuildFile; fileRef = 61EEC2D01F00A6E40014E44C /* HeavyMetalProjectTests.m */; };
		61EEC2DC1F00A6E40014E44C /* HeavyMetalProjectUITests.m in Sources */ = {isa = PBXBuildFile; fileRef = 61EEC2DB1F00A6E40014E44C /* HeavyMetalProjectUITests.m */; };
		61EEC2EC1F00AFE80014E44C /* HMPTabBarController.m in Sources */ = {isa = PBXBuildFile; fileRef = 61EEC2EB1F00AFE80014E44C /* HMPTabBarController.m */; };
		61EEC2EF1F00B0E90014E44C /* HMPTabBar.m in Sources */ = {isa = PBXBuildFile; fileRef = 61EEC2EE1F00B0E90014E44C /* HMPTabBar.m */; };
		61EEC2F21F00B13A0014E44C /* HMPTabBarButton.m in Sources */ = {isa = PBXBuildFile; fileRef = 61EEC2F11F00B13A0014E44C /* HMPTabBarButton.m */; };
		61EEC2FD1F00B2B40014E44C /* UIColor+Hex.m in Sources */ = {isa = PBXBuildFile; fileRef = 61EEC2F71F00B2B40014E44C /* UIColor+Hex.m */; };
		61EEC3011F00B2DB0014E44C /* HMPAFNetWorkManager.m in Sources */ = {isa = PBXBuildFile; fileRef = 61EEC3001F00B2DB0014E44C /* HMPAFNetWorkManager.m */; };
		61EEC3041F00B48B0014E44C /* HMPConstantObject.m in Sources */ = {isa = PBXBuildFile; fileRef = 61EEC3031F00B48B0014E44C /* HMPConstantObject.m */; };
		61EEC3141F00B61D0014E44C /* QuotePriceViewController.m in Sources */ = {isa = PBXBuildFile; fileRef = 61EEC3131F00B61D0014E44C /* QuotePriceViewController.m */; };
		61EEC3171F00B62C0014E44C /* NewsViewController.m in Sources */ = {isa = PBXBuildFile; fileRef = 61EEC3161F00B62C0014E44C /* NewsViewController.m */; };
		61EEC31D1F00B6520014E44C /* AttentionViewController.m in Sources */ = {isa = PBXBuildFile; fileRef = 61EEC31C1F00B6520014E44C /* AttentionViewController.m */; };
		61EEC3201F00B6660014E44C /* MineViewController.m in Sources */ = {isa = PBXBuildFile; fileRef = 61EEC31F1F00B6660014E44C /* MineViewController.m */; };
		61EEC3241F00B6B50014E44C /* UserObject.m in Sources */ = {isa = PBXBuildFile; fileRef = 61EEC3231F00B6B50014E44C /* UserObject.m */; };
		61EEC3271F00B6FA0014E44C /* UserManger.m in Sources */ = {isa = PBXBuildFile; fileRef = 61EEC3261F00B6FA0014E44C /* UserManger.m */; };
		61EEC32E1F00BC0D0014E44C /* BaseNavigationController.m in Sources */ = {isa = PBXBuildFile; fileRef = 61EEC32D1F00BC0D0014E44C /* BaseNavigationController.m */; };
		61EEC3311F00F2000014E44C /* UIView+Frame.m in Sources */ = {isa = PBXBuildFile; fileRef = 61EEC3301F00F2000014E44C /* UIView+Frame.m */; };
		61EEC34C1F0125820014E44C /* HMPSegmentView.m in Sources */ = {isa = PBXBuildFile; fileRef = 61EEC34B1F0125820014E44C /* HMPSegmentView.m */; };
		61EEC34F1F0125CC0014E44C /* HMPSegmentScrollView.m in Sources */ = {isa = PBXBuildFile; fileRef = 61EEC34E1F0125CC0014E44C /* HMPSegmentScrollView.m */; };
		61EEC3581F014DF00014E44C /* HMPNaviSegmentView.m in Sources */ = {isa = PBXBuildFile; fileRef = 61EEC3571F014DF00014E44C /* HMPNaviSegmentView.m */; };
		7613B99E8CDDB9EEDC153012 /* libPods-HeavyMetalProject.a in Frameworks */ = {isa = PBXBuildFile; fileRef = 685A38C20A280189ADB86BD9 /* libPods-HeavyMetalProject.a */; };
/* End PBXBuildFile section */

/* Begin PBXContainerItemProxy section */
		61EEC2CD1F00A6E40014E44C /* PBXContainerItemProxy */ = {
			isa = PBXContainerItemProxy;
			containerPortal = 61EEC2AB1F00A6E40014E44C /* Project object */;
			proxyType = 1;
			remoteGlobalIDString = 61EEC2B21F00A6E40014E44C;
			remoteInfo = HeavyMetalProject;
		};
		61EEC2D81F00A6E40014E44C /* PBXContainerItemProxy */ = {
			isa = PBXContainerItemProxy;
			containerPortal = 61EEC2AB1F00A6E40014E44C /* Project object */;
			proxyType = 1;
			remoteGlobalIDString = 61EEC2B21F00A6E40014E44C;
			remoteInfo = HeavyMetalProject;
		};
/* End PBXContainerItemProxy section */

/* Begin PBXFileReference section */
		6105C3E71F03971E00A96B2A /* CellModelObject.h */ = {isa = PBXFileReference; fileEncoding = 4; lastKnownFileType = sourcecode.c.h; path = CellModelObject.h; sourceTree = "<group>"; };
		6105C3E81F03971E00A96B2A /* CellModelObject.m */ = {isa = PBXFileReference; fileEncoding = 4; lastKnownFileType = sourcecode.c.objc; path = CellModelObject.m; sourceTree = "<group>"; };
		6105C3EA1F0397F700A96B2A /* CellModelPriceObject.h */ = {isa = PBXFileReference; fileEncoding = 4; lastKnownFileType = sourcecode.c.h; path = CellModelPriceObject.h; sourceTree = "<group>"; };
		6105C3EB1F0397F700A96B2A /* CellModelPriceObject.m */ = {isa = PBXFileReference; fileEncoding = 4; lastKnownFileType = sourcecode.c.objc; path = CellModelPriceObject.m; sourceTree = "<group>"; };
		6105C3ED1F03A09000A96B2A /* MineTitleView.h */ = {isa = PBXFileReference; fileEncoding = 4; lastKnownFileType = sourcecode.c.h; path = MineTitleView.h; sourceTree = "<group>"; };
		6105C3EE1F03A09000A96B2A /* MineTitleView.m */ = {isa = PBXFileReference; fileEncoding = 4; lastKnownFileType = sourcecode.c.objc; path = MineTitleView.m; sourceTree = "<group>"; };
		6105C3F01F03A30700A96B2A /* LoginViewController.h */ = {isa = PBXFileReference; fileEncoding = 4; lastKnownFileType = sourcecode.c.h; path = LoginViewController.h; sourceTree = "<group>"; };
		6105C3F11F03A30700A96B2A /* LoginViewController.m */ = {isa = PBXFileReference; fileEncoding = 4; lastKnownFileType = sourcecode.c.objc; path = LoginViewController.m; sourceTree = "<group>"; };
		6105C3F31F03A32400A96B2A /* RegistViewController.h */ = {isa = PBXFileReference; fileEncoding = 4; lastKnownFileType = sourcecode.c.h; path = RegistViewController.h; sourceTree = "<group>"; };
		6105C3F41F03A32400A96B2A /* RegistViewController.m */ = {isa = PBXFileReference; fileEncoding = 4; lastKnownFileType = sourcecode.c.objc; path = RegistViewController.m; sourceTree = "<group>"; };
		6105C4111F03D1FB00A96B2A /* LoginWithPwdViewController.h */ = {isa = PBXFileReference; fileEncoding = 4; lastKnownFileType = sourcecode.c.h; path = LoginWithPwdViewController.h; sourceTree = "<group>"; };
		6105C4121F03D1FB00A96B2A /* LoginWithPwdViewController.m */ = {isa = PBXFileReference; fileEncoding = 4; lastKnownFileType = sourcecode.c.objc; path = LoginWithPwdViewController.m; sourceTree = "<group>"; };
		6105C4141F03D20700A96B2A /* LoginWithVerifyCodeViewController.h */ = {isa = PBXFileReference; fileEncoding = 4; lastKnownFileType = sourcecode.c.h; path = LoginWithVerifyCodeViewController.h; sourceTree = "<group>"; };
		6105C4151F03D20700A96B2A /* LoginWithVerifyCodeViewController.m */ = {isa = PBXFileReference; fileEncoding = 4; lastKnownFileType = sourcecode.c.objc; path = LoginWithVerifyCodeViewController.m; sourceTree = "<group>"; };
		612805471F01F73E00C31B18 /* QuotePriceStyleOneTableViewCell.h */ = {isa = PBXFileReference; fileEncoding = 4; lastKnownFileType = sourcecode.c.h; path = QuotePriceStyleOneTableViewCell.h; sourceTree = "<group>"; };
		612805481F01F73E00C31B18 /* QuotePriceStyleOneTableViewCell.m */ = {isa = PBXFileReference; fileEncoding = 4; lastKnownFileType = sourcecode.c.objc; path = QuotePriceStyleOneTableViewCell.m; sourceTree = "<group>"; };
		6128054A1F01F74E00C31B18 /* QuotePriceStyleTwoTableViewCell.h */ = {isa = PBXFileReference; fileEncoding = 4; lastKnownFileType = sourcecode.c.h; path = QuotePriceStyleTwoTableViewCell.h; sourceTree = "<group>"; };
		6128054B1F01F74E00C31B18 /* QuotePriceStyleTwoTableViewCell.m */ = {isa = PBXFileReference; fileEncoding = 4; lastKnownFileType = sourcecode.c.objc; path = QuotePriceStyleTwoTableViewCell.m; sourceTree = "<group>"; };
		6128054D1F01F75D00C31B18 /* QuotePriceStyleThreeTableViewCell.h */ = {isa = PBXFileReference; fileEncoding = 4; lastKnownFileType = sourcecode.c.h; path = QuotePriceStyleThreeTableViewCell.h; sourceTree = "<group>"; };
		6128054E1F01F75D00C31B18 /* QuotePriceStyleThreeTableViewCell.m */ = {isa = PBXFileReference; fileEncoding = 4; lastKnownFileType = sourcecode.c.objc; path = QuotePriceStyleThreeTableViewCell.m; sourceTree = "<group>"; };
		612805501F01F76800C31B18 /* QuotePriceStyleFourTableViewCell.h */ = {isa = PBXFileReference; fileEncoding = 4; lastKnownFileType = sourcecode.c.h; path = QuotePriceStyleFourTableViewCell.h; sourceTree = "<group>"; };
		612805511F01F76800C31B18 /* QuotePriceStyleFourTableViewCell.m */ = {isa = PBXFileReference; fileEncoding = 4; lastKnownFileType = sourcecode.c.objc; path = QuotePriceStyleFourTableViewCell.m; sourceTree = "<group>"; };
		612805531F01F77500C31B18 /* QuotePriceStyleFiveTableViewCell.h */ = {isa = PBXFileReference; fileEncoding = 4; lastKnownFileType = sourcecode.c.h; path = QuotePriceStyleFiveTableViewCell.h; sourceTree = "<group>"; };
		612805541F01F77500C31B18 /* QuotePriceStyleFiveTableViewCell.m */ = {isa = PBXFileReference; fileEncoding = 4; lastKnownFileType = sourcecode.c.objc; path = QuotePriceStyleFiveTableViewCell.m; sourceTree = "<group>"; };
		612805561F01F77F00C31B18 /* QuotePriceStyleSixTableViewCell.h */ = {isa = PBXFileReference; fileEncoding = 4; lastKnownFileType = sourcecode.c.h; path = QuotePriceStyleSixTableViewCell.h; sourceTree = "<group>"; };
		612805571F01F77F00C31B18 /* QuotePriceStyleSixTableViewCell.m */ = {isa = PBXFileReference; fileEncoding = 4; lastKnownFileType = sourcecode.c.objc; path = QuotePriceStyleSixTableViewCell.m; sourceTree = "<group>"; };
		6128055A1F026F8600C31B18 /* BigClassObject.h */ = {isa = PBXFileReference; fileEncoding = 4; lastKnownFileType = sourcecode.c.h; path = BigClassObject.h; sourceTree = "<group>"; };
		6128055B1F026F8600C31B18 /* BigClassObject.m */ = {isa = PBXFileReference; fileEncoding = 4; lastKnownFileType = sourcecode.c.objc; path = BigClassObject.m; sourceTree = "<group>"; };
		6128055D1F02700D00C31B18 /* MidClassObject.h */ = {isa = PBXFileReference; fileEncoding = 4; lastKnownFileType = sourcecode.c.h; path = MidClassObject.h; sourceTree = "<group>"; };
		6128055E1F02700D00C31B18 /* MidClassObject.m */ = {isa = PBXFileReference; fileEncoding = 4; lastKnownFileType = sourcecode.c.objc; path = MidClassObject.m; sourceTree = "<group>"; };
		612805631F027A4C00C31B18 /* SmallClassObject.h */ = {isa = PBXFileReference; fileEncoding = 4; lastKnownFileType = sourcecode.c.h; path = SmallClassObject.h; sourceTree = "<group>"; };
		612805641F027A4C00C31B18 /* SmallClassObject.m */ = {isa = PBXFileReference; fileEncoding = 4; lastKnownFileType = sourcecode.c.objc; path = SmallClassObject.m; sourceTree = "<group>"; };
		617BDF421F0B2CCA00645073 /* QuotePriceTableViewCellBtn.h */ = {isa = PBXFileReference; fileEncoding = 4; lastKnownFileType = sourcecode.c.h; path = QuotePriceTableViewCellBtn.h; sourceTree = "<group>"; };
		617BDF431F0B2CCA00645073 /* QuotePriceTableViewCellBtn.m */ = {isa = PBXFileReference; fileEncoding = 4; lastKnownFileType = sourcecode.c.objc; path = QuotePriceTableViewCellBtn.m; sourceTree = "<group>"; };
		617BDF451F0B69B300645073 /* QuotePriceChartsDetailViewController.h */ = {isa = PBXFileReference; fileEncoding = 4; lastKnownFileType = sourcecode.c.h; path = QuotePriceChartsDetailViewController.h; sourceTree = "<group>"; };
		617BDF461F0B69B300645073 /* QuotePriceChartsDetailViewController.m */ = {isa = PBXFileReference; fileEncoding = 4; lastKnownFileType = sourcecode.c.objc; path = QuotePriceChartsDetailViewController.m; sourceTree = "<group>"; };
		617BDFE21F0B6B3B00645073 /* Charts.h */ = {isa = PBXFileReference; fileEncoding = 4; lastKnownFileType = sourcecode.c.h; path = Charts.h; sourceTree = "<group>"; };
		61A193BF1F08BA9500059FE4 /* SearchViewController.h */ = {isa = PBXFileReference; fileEncoding = 4; lastKnownFileType = sourcecode.c.h; path = SearchViewController.h; sourceTree = "<group>"; };
		61A193C01F08BA9500059FE4 /* SearchViewController.m */ = {isa = PBXFileReference; fileEncoding = 4; lastKnownFileType = sourcecode.c.objc; path = SearchViewController.m; sourceTree = "<group>"; };
		61A193C21F08BAB300059FE4 /* FilterViewController.h */ = {isa = PBXFileReference; fileEncoding = 4; lastKnownFileType = sourcecode.c.h; path = FilterViewController.h; sourceTree = "<group>"; };
		61A193C31F08BAB300059FE4 /* FilterViewController.m */ = {isa = PBXFileReference; fileEncoding = 4; lastKnownFileType = sourcecode.c.objc; path = FilterViewController.m; sourceTree = "<group>"; };
		61A193C51F08BB1B00059FE4 /* SearchDetailViewController.h */ = {isa = PBXFileReference; fileEncoding = 4; lastKnownFileType = sourcecode.c.h; path = SearchDetailViewController.h; sourceTree = "<group>"; };
		61A193C61F08BB1B00059FE4 /* SearchDetailViewController.m */ = {isa = PBXFileReference; fileEncoding = 4; lastKnownFileType = sourcecode.c.objc; path = SearchDetailViewController.m; sourceTree = "<group>"; };
		61A193C81F08CB2400059FE4 /* FilterButton.h */ = {isa = PBXFileReference; fileEncoding = 4; lastKnownFileType = sourcecode.c.h; path = FilterButton.h; sourceTree = "<group>"; };
		61A193C91F08CB2400059FE4 /* FilterButton.m */ = {isa = PBXFileReference; fileEncoding = 4; lastKnownFileType = sourcecode.c.objc; path = FilterButton.m; sourceTree = "<group>"; };
		61DEBF9C1F0541AC0084D40C /* UIButton+countDown.h */ = {isa = PBXFileReference; fileEncoding = 4; lastKnownFileType = sourcecode.c.h; path = "UIButton+countDown.h"; sourceTree = "<group>"; };
		61DEBF9D1F0541AC0084D40C /* UIButton+countDown.m */ = {isa = PBXFileReference; fileEncoding = 4; lastKnownFileType = sourcecode.c.objc; path = "UIButton+countDown.m"; sourceTree = "<group>"; };
		61DEBF9F1F0542140084D40C /* NSString+Common.h */ = {isa = PBXFileReference; fileEncoding = 4; lastKnownFileType = sourcecode.c.h; path = "NSString+Common.h"; sourceTree = "<group>"; };
		61DEBFA01F0542140084D40C /* NSString+Common.m */ = {isa = PBXFileReference; fileEncoding = 4; lastKnownFileType = sourcecode.c.objc; path = "NSString+Common.m"; sourceTree = "<group>"; };
		61DEBFA41F0542B00084D40C /* MBManager.h */ = {isa = PBXFileReference; fileEncoding = 4; lastKnownFileType = sourcecode.c.h; path = MBManager.h; sourceTree = "<group>"; };
		61DEBFA51F0542B00084D40C /* MBManager.m */ = {isa = PBXFileReference; fileEncoding = 4; lastKnownFileType = sourcecode.c.objc; path = MBManager.m; sourceTree = "<group>"; };
		61DEBFA71F0544B30084D40C /* ForgetPwdViewController.h */ = {isa = PBXFileReference; fileEncoding = 4; lastKnownFileType = sourcecode.c.h; path = ForgetPwdViewController.h; sourceTree = "<group>"; };
		61DEBFA81F0544B30084D40C /* ForgetPwdViewController.m */ = {isa = PBXFileReference; fileEncoding = 4; lastKnownFileType = sourcecode.c.objc; path = ForgetPwdViewController.m; sourceTree = "<group>"; };
		61DEBFAA1F054AAC0084D40C /* RegistProtocolButton.h */ = {isa = PBXFileReference; fileEncoding = 4; lastKnownFileType = sourcecode.c.h; path = RegistProtocolButton.h; sourceTree = "<group>"; };
		61DEBFAB1F054AAC0084D40C /* RegistProtocolButton.m */ = {isa = PBXFileReference; fileEncoding = 4; lastKnownFileType = sourcecode.c.objc; path = RegistProtocolButton.m; sourceTree = "<group>"; };
		61EEC2B31F00A6E40014E44C /* HeavyMetalProject.app */ = {isa = PBXFileReference; explicitFileType = wrapper.application; includeInIndex = 0; path = HeavyMetalProject.app; sourceTree = BUILT_PRODUCTS_DIR; };
		61EEC2B71F00A6E40014E44C /* main.m */ = {isa = PBXFileReference; lastKnownFileType = sourcecode.c.objc; path = main.m; sourceTree = "<group>"; };
		61EEC2B91F00A6E40014E44C /* AppDelegate.h */ = {isa = PBXFileReference; lastKnownFileType = sourcecode.c.h; path = AppDelegate.h; sourceTree = "<group>"; };
		61EEC2BA1F00A6E40014E44C /* AppDelegate.m */ = {isa = PBXFileReference; lastKnownFileType = sourcecode.c.objc; path = AppDelegate.m; sourceTree = "<group>"; };
		61EEC2BC1F00A6E40014E44C /* ViewController.h */ = {isa = PBXFileReference; lastKnownFileType = sourcecode.c.h; path = ViewController.h; sourceTree = "<group>"; };
		61EEC2BD1F00A6E40014E44C /* ViewController.m */ = {isa = PBXFileReference; lastKnownFileType = sourcecode.c.objc; path = ViewController.m; sourceTree = "<group>"; };
		61EEC2C01F00A6E40014E44C /* Base */ = {isa = PBXFileReference; lastKnownFileType = file.storyboard; name = Base; path = Base.lproj/Main.storyboard; sourceTree = "<group>"; };
		61EEC2C21F00A6E40014E44C /* Assets.xcassets */ = {isa = PBXFileReference; lastKnownFileType = folder.assetcatalog; path = Assets.xcassets; sourceTree = "<group>"; };
		61EEC2C51F00A6E40014E44C /* Base */ = {isa = PBXFileReference; lastKnownFileType = file.storyboard; name = Base; path = Base.lproj/LaunchScreen.storyboard; sourceTree = "<group>"; };
		61EEC2C71F00A6E40014E44C /* Info.plist */ = {isa = PBXFileReference; lastKnownFileType = text.plist.xml; path = Info.plist; sourceTree = "<group>"; };
		61EEC2CC1F00A6E40014E44C /* HeavyMetalProjectTests.xctest */ = {isa = PBXFileReference; explicitFileType = wrapper.cfbundle; includeInIndex = 0; path = HeavyMetalProjectTests.xctest; sourceTree = BUILT_PRODUCTS_DIR; };
		61EEC2D01F00A6E40014E44C /* HeavyMetalProjectTests.m */ = {isa = PBXFileReference; lastKnownFileType = sourcecode.c.objc; path = HeavyMetalProjectTests.m; sourceTree = "<group>"; };
		61EEC2D21F00A6E40014E44C /* Info.plist */ = {isa = PBXFileReference; lastKnownFileType = text.plist.xml; path = Info.plist; sourceTree = "<group>"; };
		61EEC2D71F00A6E40014E44C /* HeavyMetalProjectUITests.xctest */ = {isa = PBXFileReference; explicitFileType = wrapper.cfbundle; includeInIndex = 0; path = HeavyMetalProjectUITests.xctest; sourceTree = BUILT_PRODUCTS_DIR; };
		61EEC2DB1F00A6E40014E44C /* HeavyMetalProjectUITests.m */ = {isa = PBXFileReference; lastKnownFileType = sourcecode.c.objc; path = HeavyMetalProjectUITests.m; sourceTree = "<group>"; };
		61EEC2DD1F00A6E40014E44C /* Info.plist */ = {isa = PBXFileReference; lastKnownFileType = text.plist.xml; path = Info.plist; sourceTree = "<group>"; };
		61EEC2EA1F00AFE80014E44C /* HMPTabBarController.h */ = {isa = PBXFileReference; fileEncoding = 4; lastKnownFileType = sourcecode.c.h; path = HMPTabBarController.h; sourceTree = "<group>"; };
		61EEC2EB1F00AFE80014E44C /* HMPTabBarController.m */ = {isa = PBXFileReference; fileEncoding = 4; lastKnownFileType = sourcecode.c.objc; path = HMPTabBarController.m; sourceTree = "<group>"; };
		61EEC2ED1F00B0E90014E44C /* HMPTabBar.h */ = {isa = PBXFileReference; fileEncoding = 4; lastKnownFileType = sourcecode.c.h; path = HMPTabBar.h; sourceTree = "<group>"; };
		61EEC2EE1F00B0E90014E44C /* HMPTabBar.m */ = {isa = PBXFileReference; fileEncoding = 4; lastKnownFileType = sourcecode.c.objc; path = HMPTabBar.m; sourceTree = "<group>"; };
		61EEC2F01F00B13A0014E44C /* HMPTabBarButton.h */ = {isa = PBXFileReference; fileEncoding = 4; lastKnownFileType = sourcecode.c.h; path = HMPTabBarButton.h; sourceTree = "<group>"; };
		61EEC2F11F00B13A0014E44C /* HMPTabBarButton.m */ = {isa = PBXFileReference; fileEncoding = 4; lastKnownFileType = sourcecode.c.objc; path = HMPTabBarButton.m; sourceTree = "<group>"; };
		61EEC2F31F00B1C70014E44C /* HMP-prefix.pch */ = {isa = PBXFileReference; fileEncoding = 4; lastKnownFileType = sourcecode.c.h; path = "HMP-prefix.pch"; sourceTree = "<group>"; };
		61EEC2F61F00B2B40014E44C /* UIColor+Hex.h */ = {isa = PBXFileReference; fileEncoding = 4; lastKnownFileType = sourcecode.c.h; path = "UIColor+Hex.h"; sourceTree = "<group>"; };
		61EEC2F71F00B2B40014E44C /* UIColor+Hex.m */ = {isa = PBXFileReference; fileEncoding = 4; lastKnownFileType = sourcecode.c.objc; path = "UIColor+Hex.m"; sourceTree = "<group>"; };
		61EEC2F91F00B2B40014E44C /* API.h */ = {isa = PBXFileReference; fileEncoding = 4; lastKnownFileType = sourcecode.c.h; path = API.h; sourceTree = "<group>"; };
		61EEC2FF1F00B2DB0014E44C /* HMPAFNetWorkManager.h */ = {isa = PBXFileReference; fileEncoding = 4; lastKnownFileType = sourcecode.c.h; path = HMPAFNetWorkManager.h; sourceTree = "<group>"; };
		61EEC3001F00B2DB0014E44C /* HMPAFNetWorkManager.m */ = {isa = PBXFileReference; fileEncoding = 4; lastKnownFileType = sourcecode.c.objc; path = HMPAFNetWorkManager.m; sourceTree = "<group>"; };
		61EEC3021F00B48B0014E44C /* HMPConstantObject.h */ = {isa = PBXFileReference; fileEncoding = 4; lastKnownFileType = sourcecode.c.h; path = HMPConstantObject.h; sourceTree = "<group>"; };
		61EEC3031F00B48B0014E44C /* HMPConstantObject.m */ = {isa = PBXFileReference; fileEncoding = 4; lastKnownFileType = sourcecode.c.objc; path = HMPConstantObject.m; sourceTree = "<group>"; };
		61EEC3121F00B61D0014E44C /* QuotePriceViewController.h */ = {isa = PBXFileReference; fileEncoding = 4; lastKnownFileType = sourcecode.c.h; path = QuotePriceViewController.h; sourceTree = "<group>"; };
		61EEC3131F00B61D0014E44C /* QuotePriceViewController.m */ = {isa = PBXFileReference; fileEncoding = 4; lastKnownFileType = sourcecode.c.objc; path = QuotePriceViewController.m; sourceTree = "<group>"; };
		61EEC3151F00B62C0014E44C /* NewsViewController.h */ = {isa = PBXFileReference; fileEncoding = 4; lastKnownFileType = sourcecode.c.h; path = NewsViewController.h; sourceTree = "<group>"; };
		61EEC3161F00B62C0014E44C /* NewsViewController.m */ = {isa = PBXFileReference; fileEncoding = 4; lastKnownFileType = sourcecode.c.objc; path = NewsViewController.m; sourceTree = "<group>"; };
		61EEC31B1F00B6520014E44C /* AttentionViewController.h */ = {isa = PBXFileReference; fileEncoding = 4; lastKnownFileType = sourcecode.c.h; path = AttentionViewController.h; sourceTree = "<group>"; };
		61EEC31C1F00B6520014E44C /* AttentionViewController.m */ = {isa = PBXFileReference; fileEncoding = 4; lastKnownFileType = sourcecode.c.objc; path = AttentionViewController.m; sourceTree = "<group>"; };
		61EEC31E1F00B6660014E44C /* MineViewController.h */ = {isa = PBXFileReference; fileEncoding = 4; lastKnownFileType = sourcecode.c.h; path = MineViewController.h; sourceTree = "<group>"; };
		61EEC31F1F00B6660014E44C /* MineViewController.m */ = {isa = PBXFileReference; fileEncoding = 4; lastKnownFileType = sourcecode.c.objc; path = MineViewController.m; sourceTree = "<group>"; };
		61EEC3221F00B6B50014E44C /* UserObject.h */ = {isa = PBXFileReference; fileEncoding = 4; lastKnownFileType = sourcecode.c.h; path = UserObject.h; sourceTree = "<group>"; };
		61EEC3231F00B6B50014E44C /* UserObject.m */ = {isa = PBXFileReference; fileEncoding = 4; lastKnownFileType = sourcecode.c.objc; path = UserObject.m; sourceTree = "<group>"; };
		61EEC3251F00B6FA0014E44C /* UserManger.h */ = {isa = PBXFileReference; fileEncoding = 4; lastKnownFileType = sourcecode.c.h; path = UserManger.h; sourceTree = "<group>"; };
		61EEC3261F00B6FA0014E44C /* UserManger.m */ = {isa = PBXFileReference; fileEncoding = 4; lastKnownFileType = sourcecode.c.objc; path = UserManger.m; sourceTree = "<group>"; };
		61EEC32C1F00BC0D0014E44C /* BaseNavigationController.h */ = {isa = PBXFileReference; fileEncoding = 4; lastKnownFileType = sourcecode.c.h; path = BaseNavigationController.h; sourceTree = "<group>"; };
		61EEC32D1F00BC0D0014E44C /* BaseNavigationController.m */ = {isa = PBXFileReference; fileEncoding = 4; lastKnownFileType = sourcecode.c.objc; path = BaseNavigationController.m; sourceTree = "<group>"; };
		61EEC32F1F00F2000014E44C /* UIView+Frame.h */ = {isa = PBXFileReference; fileEncoding = 4; lastKnownFileType = sourcecode.c.h; path = "UIView+Frame.h"; sourceTree = "<group>"; };
		61EEC3301F00F2000014E44C /* UIView+Frame.m */ = {isa = PBXFileReference; fileEncoding = 4; lastKnownFileType = sourcecode.c.objc; path = "UIView+Frame.m"; sourceTree = "<group>"; };
		61EEC34A1F0125820014E44C /* HMPSegmentView.h */ = {isa = PBXFileReference; fileEncoding = 4; lastKnownFileType = sourcecode.c.h; path = HMPSegmentView.h; sourceTree = "<group>"; };
		61EEC34B1F0125820014E44C /* HMPSegmentView.m */ = {isa = PBXFileReference; fileEncoding = 4; lastKnownFileType = sourcecode.c.objc; path = HMPSegmentView.m; sourceTree = "<group>"; };
		61EEC34D1F0125CC0014E44C /* HMPSegmentScrollView.h */ = {isa = PBXFileReference; fileEncoding = 4; lastKnownFileType = sourcecode.c.h; path = HMPSegmentScrollView.h; sourceTree = "<group>"; };
		61EEC34E1F0125CC0014E44C /* HMPSegmentScrollView.m */ = {isa = PBXFileReference; fileEncoding = 4; lastKnownFileType = sourcecode.c.objc; path = HMPSegmentScrollView.m; sourceTree = "<group>"; };
		61EEC3561F014DF00014E44C /* HMPNaviSegmentView.h */ = {isa = PBXFileReference; fileEncoding = 4; lastKnownFileType = sourcecode.c.h; path = HMPNaviSegmentView.h; sourceTree = "<group>"; };
		61EEC3571F014DF00014E44C /* HMPNaviSegmentView.m */ = {isa = PBXFileReference; fileEncoding = 4; lastKnownFileType = sourcecode.c.objc; path = HMPNaviSegmentView.m; sourceTree = "<group>"; };
		685A38C20A280189ADB86BD9 /* libPods-HeavyMetalProject.a */ = {isa = PBXFileReference; explicitFileType = archive.ar; includeInIndex = 0; path = "libPods-HeavyMetalProject.a"; sourceTree = BUILT_PRODUCTS_DIR; };
		C9D260F7D9EFC1E3656EE5E5 /* Pods-HeavyMetalProject.debug.xcconfig */ = {isa = PBXFileReference; includeInIndex = 1; lastKnownFileType = text.xcconfig; name = "Pods-HeavyMetalProject.debug.xcconfig"; path = "Pods/Target Support Files/Pods-HeavyMetalProject/Pods-HeavyMetalProject.debug.xcconfig"; sourceTree = "<group>"; };
		F59F22E901DFB454D863CC86 /* Pods-HeavyMetalProject.release.xcconfig */ = {isa = PBXFileReference; includeInIndex = 1; lastKnownFileType = text.xcconfig; name = "Pods-HeavyMetalProject.release.xcconfig"; path = "Pods/Target Support Files/Pods-HeavyMetalProject/Pods-HeavyMetalProject.release.xcconfig"; sourceTree = "<group>"; };
/* End PBXFileReference section */

/* Begin PBXFrameworksBuildPhase section */
		61EEC2B01F00A6E40014E44C /* Frameworks */ = {
			isa = PBXFrameworksBuildPhase;
			buildActionMask = 2147483647;
			files = (
				7613B99E8CDDB9EEDC153012 /* libPods-HeavyMetalProject.a in Frameworks */,
			);
			runOnlyForDeploymentPostprocessing = 0;
		};
		61EEC2C91F00A6E40014E44C /* Frameworks */ = {
			isa = PBXFrameworksBuildPhase;
			buildActionMask = 2147483647;
			files = (
			);
			runOnlyForDeploymentPostprocessing = 0;
		};
		61EEC2D41F00A6E40014E44C /* Frameworks */ = {
			isa = PBXFrameworksBuildPhase;
			buildActionMask = 2147483647;
			files = (
			);
			runOnlyForDeploymentPostprocessing = 0;
		};
/* End PBXFrameworksBuildPhase section */

/* Begin PBXGroup section */
		3593908F5FB9A7E9E5DB1CA1 /* Frameworks */ = {
			isa = PBXGroup;
			children = (
				685A38C20A280189ADB86BD9 /* libPods-HeavyMetalProject.a */,
			);
			name = Frameworks;
			sourceTree = "<group>";
		};
		612805591F026F3800C31B18 /* Model */ = {
			isa = PBXGroup;
			children = (
				6128055A1F026F8600C31B18 /* BigClassObject.h */,
				6128055B1F026F8600C31B18 /* BigClassObject.m */,
				6128055D1F02700D00C31B18 /* MidClassObject.h */,
				6128055E1F02700D00C31B18 /* MidClassObject.m */,
				612805631F027A4C00C31B18 /* SmallClassObject.h */,
				612805641F027A4C00C31B18 /* SmallClassObject.m */,
				6105C3E71F03971E00A96B2A /* CellModelObject.h */,
				6105C3E81F03971E00A96B2A /* CellModelObject.m */,
				6105C3EA1F0397F700A96B2A /* CellModelPriceObject.h */,
				6105C3EB1F0397F700A96B2A /* CellModelPriceObject.m */,
				61A193C81F08CB2400059FE4 /* FilterButton.h */,
				61A193C91F08CB2400059FE4 /* FilterButton.m */,
			);
			name = Model;
			path = "HeavyMetalProject/MainController/QuotePrice(报价)/Model";
			sourceTree = SOURCE_ROOT;
		};
		617BDF491F0B6B3A00645073 /* Charts */ = {
			isa = PBXGroup;
			children = (
				617BDF4A1F0B6B3A00645073 /* Source */,
			);
			path = Charts;
			sourceTree = "<group>";
		};
		617BDF4A1F0B6B3A00645073 /* Source */ = {
			isa = PBXGroup;
			children = (
				617BDFE11F0B6B3B00645073 /* Supporting Files */,
			);
			path = Source;
			sourceTree = "<group>";
		};
		617BDFE11F0B6B3B00645073 /* Supporting Files */ = {
			isa = PBXGroup;
			children = (
				617BDFE21F0B6B3B00645073 /* Charts.h */,
			);
			path = "Supporting Files";
			sourceTree = "<group>";
		};
		61DEBFA21F0542B00084D40C /* Tool(工具) */ = {
			isa = PBXGroup;
			children = (
				617BDF491F0B6B3A00645073 /* Charts */,
				61DEBFA31F0542B00084D40C /* MBManager */,
			);
			path = "Tool(工具)";
			sourceTree = "<group>";
		};
		61DEBFA31F0542B00084D40C /* MBManager */ = {
			isa = PBXGroup;
			children = (
				61DEBFA41F0542B00084D40C /* MBManager.h */,
				61DEBFA51F0542B00084D40C /* MBManager.m */,
			);
			path = MBManager;
			sourceTree = "<group>";
		};
		61EEC2AA1F00A6E40014E44C = {
			isa = PBXGroup;
			children = (
				61EEC2B51F00A6E40014E44C /* HeavyMetalProject */,
				61EEC2CF1F00A6E40014E44C /* HeavyMetalProjectTests */,
				61EEC2DA1F00A6E40014E44C /* HeavyMetalProjectUITests */,
				61EEC2B41F00A6E40014E44C /* Products */,
				7520DB656E8AC4605944D187 /* Pods */,
				3593908F5FB9A7E9E5DB1CA1 /* Frameworks */,
			);
			sourceTree = "<group>";
		};
		61EEC2B41F00A6E40014E44C /* Products */ = {
			isa = PBXGroup;
			children = (
				61EEC2B31F00A6E40014E44C /* HeavyMetalProject.app */,
				61EEC2CC1F00A6E40014E44C /* HeavyMetalProjectTests.xctest */,
				61EEC2D71F00A6E40014E44C /* HeavyMetalProjectUITests.xctest */,
			);
			name = Products;
			sourceTree = "<group>";
		};
		61EEC2B51F00A6E40014E44C /* HeavyMetalProject */ = {
			isa = PBXGroup;
			children = (
				61EEC3051F00B60B0014E44C /* MainController */,
				61EEC2F41F00B2B40014E44C /* Common(公共类) */,
				61EEC2E91F00AFCC0014E44C /* TabBarController */,
				61EEC2B91F00A6E40014E44C /* AppDelegate.h */,
				61EEC2BA1F00A6E40014E44C /* AppDelegate.m */,
				61EEC2BC1F00A6E40014E44C /* ViewController.h */,
				61EEC2BD1F00A6E40014E44C /* ViewController.m */,
				61EEC2BF1F00A6E40014E44C /* Main.storyboard */,
				61EEC2C21F00A6E40014E44C /* Assets.xcassets */,
				61EEC2C41F00A6E40014E44C /* LaunchScreen.storyboard */,
				61EEC2C71F00A6E40014E44C /* Info.plist */,
				61EEC2B61F00A6E40014E44C /* Supporting Files */,
			);
			path = HeavyMetalProject;
			sourceTree = "<group>";
		};
		61EEC2B61F00A6E40014E44C /* Supporting Files */ = {
			isa = PBXGroup;
			children = (
				61EEC2B71F00A6E40014E44C /* main.m */,
				61EEC2F31F00B1C70014E44C /* HMP-prefix.pch */,
			);
			name = "Supporting Files";
			sourceTree = "<group>";
		};
		61EEC2CF1F00A6E40014E44C /* HeavyMetalProjectTests */ = {
			isa = PBXGroup;
			children = (
				61EEC2D01F00A6E40014E44C /* HeavyMetalProjectTests.m */,
				61EEC2D21F00A6E40014E44C /* Info.plist */,
			);
			path = HeavyMetalProjectTests;
			sourceTree = "<group>";
		};
		61EEC2DA1F00A6E40014E44C /* HeavyMetalProjectUITests */ = {
			isa = PBXGroup;
			children = (
				61EEC2DB1F00A6E40014E44C /* HeavyMetalProjectUITests.m */,
				61EEC2DD1F00A6E40014E44C /* Info.plist */,
			);
			path = HeavyMetalProjectUITests;
			sourceTree = "<group>";
		};
		61EEC2E91F00AFCC0014E44C /* TabBarController */ = {
			isa = PBXGroup;
			children = (
				61EEC2EA1F00AFE80014E44C /* HMPTabBarController.h */,
				61EEC2EB1F00AFE80014E44C /* HMPTabBarController.m */,
				61EEC2ED1F00B0E90014E44C /* HMPTabBar.h */,
				61EEC2EE1F00B0E90014E44C /* HMPTabBar.m */,
				61EEC2F01F00B13A0014E44C /* HMPTabBarButton.h */,
				61EEC2F11F00B13A0014E44C /* HMPTabBarButton.m */,
			);
			path = TabBarController;
			sourceTree = "<group>";
		};
		61EEC2F41F00B2B40014E44C /* Common(公共类) */ = {
			isa = PBXGroup;
			children = (
				61DEBFA21F0542B00084D40C /* Tool(工具) */,
				61EEC32B1F00BBF90014E44C /* BaseVC(父类) */,
				61EEC2F51F00B2B40014E44C /* Categorys(分类) */,
				61EEC2F81F00B2B40014E44C /* Constant(宏、常量) */,
				61EEC2FC1F00B2B40014E44C /* Network(网络) */,
			);
			path = "Common(公共类)";
			sourceTree = "<group>";
		};
		61EEC2F51F00B2B40014E44C /* Categorys(分类) */ = {
			isa = PBXGroup;
			children = (
				61DEBF9F1F0542140084D40C /* NSString+Common.h */,
				61DEBFA01F0542140084D40C /* NSString+Common.m */,
				61DEBF9C1F0541AC0084D40C /* UIButton+countDown.h */,
				61DEBF9D1F0541AC0084D40C /* UIButton+countDown.m */,
				61EEC32F1F00F2000014E44C /* UIView+Frame.h */,
				61EEC3301F00F2000014E44C /* UIView+Frame.m */,
				61EEC2F61F00B2B40014E44C /* UIColor+Hex.h */,
				61EEC2F71F00B2B40014E44C /* UIColor+Hex.m */,
			);
			path = "Categorys(分类)";
			sourceTree = "<group>";
		};
		61EEC2F81F00B2B40014E44C /* Constant(宏、常量) */ = {
			isa = PBXGroup;
			children = (
				61EEC2F91F00B2B40014E44C /* API.h */,
				61EEC3021F00B48B0014E44C /* HMPConstantObject.h */,
				61EEC3031F00B48B0014E44C /* HMPConstantObject.m */,
			);
			path = "Constant(宏、常量)";
			sourceTree = "<group>";
		};
		61EEC2FC1F00B2B40014E44C /* Network(网络) */ = {
			isa = PBXGroup;
			children = (
				61EEC2FF1F00B2DB0014E44C /* HMPAFNetWorkManager.h */,
				61EEC3001F00B2DB0014E44C /* HMPAFNetWorkManager.m */,
			);
			path = "Network(网络)";
			sourceTree = "<group>";
		};
		61EEC3051F00B60B0014E44C /* MainController */ = {
			isa = PBXGroup;
			children = (
				61EEC3061F00B60B0014E44C /* Attention(关注) */,
				61EEC3091F00B60B0014E44C /* Mine(我的) */,
				61EEC30C1F00B60B0014E44C /* News(资讯) */,
				61EEC30F1F00B60B0014E44C /* QuotePrice(报价) */,
			);
			path = MainController;
			sourceTree = "<group>";
		};
		61EEC3061F00B60B0014E44C /* Attention(关注) */ = {
			isa = PBXGroup;
			children = (
				61EEC3071F00B60B0014E44C /* Controller */,
				61EEC3081F00B60B0014E44C /* View */,
			);
			path = "Attention(关注)";
			sourceTree = "<group>";
		};
		61EEC3071F00B60B0014E44C /* Controller */ = {
			isa = PBXGroup;
			children = (
				61EEC31B1F00B6520014E44C /* AttentionViewController.h */,
				61EEC31C1F00B6520014E44C /* AttentionViewController.m */,
			);
			path = Controller;
			sourceTree = "<group>";
		};
		61EEC3081F00B60B0014E44C /* View */ = {
			isa = PBXGroup;
			children = (
			);
			path = View;
			sourceTree = "<group>";
		};
		61EEC3091F00B60B0014E44C /* Mine(我的) */ = {
			isa = PBXGroup;
			children = (
				61EEC3211F00B6A70014E44C /* Model */,
				61EEC30A1F00B60B0014E44C /* Controller */,
				61EEC30B1F00B60B0014E44C /* View */,
			);
			path = "Mine(我的)";
			sourceTree = "<group>";
		};
		61EEC30A1F00B60B0014E44C /* Controller */ = {
			isa = PBXGroup;
			children = (
				61EEC31E1F00B6660014E44C /* MineViewController.h */,
				61EEC31F1F00B6660014E44C /* MineViewController.m */,
				6105C3F01F03A30700A96B2A /* LoginViewController.h */,
				6105C3F11F03A30700A96B2A /* LoginViewController.m */,
				6105C3F31F03A32400A96B2A /* RegistViewController.h */,
				6105C3F41F03A32400A96B2A /* RegistViewController.m */,
				61DEBFA71F0544B30084D40C /* ForgetPwdViewController.h */,
				61DEBFA81F0544B30084D40C /* ForgetPwdViewController.m */,
				6105C4111F03D1FB00A96B2A /* LoginWithPwdViewController.h */,
				6105C4121F03D1FB00A96B2A /* LoginWithPwdViewController.m */,
				6105C4141F03D20700A96B2A /* LoginWithVerifyCodeViewController.h */,
				6105C4151F03D20700A96B2A /* LoginWithVerifyCodeViewController.m */,
			);
			path = Controller;
			sourceTree = "<group>";
		};
		61EEC30B1F00B60B0014E44C /* View */ = {
			isa = PBXGroup;
			children = (
				6105C3ED1F03A09000A96B2A /* MineTitleView.h */,
				6105C3EE1F03A09000A96B2A /* MineTitleView.m */,
				61DEBFAA1F054AAC0084D40C /* RegistProtocolButton.h */,
				61DEBFAB1F054AAC0084D40C /* RegistProtocolButton.m */,
			);
			path = View;
			sourceTree = "<group>";
		};
		61EEC30C1F00B60B0014E44C /* News(资讯) */ = {
			isa = PBXGroup;
			children = (
				61EEC30D1F00B60B0014E44C /* Controller */,
				61EEC30E1F00B60B0014E44C /* View */,
			);
			path = "News(资讯)";
			sourceTree = "<group>";
		};
		61EEC30D1F00B60B0014E44C /* Controller */ = {
			isa = PBXGroup;
			children = (
				61EEC3151F00B62C0014E44C /* NewsViewController.h */,
				61EEC3161F00B62C0014E44C /* NewsViewController.m */,
			);
			path = Controller;
			sourceTree = "<group>";
		};
		61EEC30E1F00B60B0014E44C /* View */ = {
			isa = PBXGroup;
			children = (
			);
			path = View;
			sourceTree = "<group>";
		};
		61EEC30F1F00B60B0014E44C /* QuotePrice(报价) */ = {
			isa = PBXGroup;
			children = (
				612805591F026F3800C31B18 /* Model */,
				61EEC3101F00B60B0014E44C /* Controller */,
				61EEC3111F00B60B0014E44C /* View */,
			);
			path = "QuotePrice(报价)";
			sourceTree = "<group>";
		};
		61EEC3101F00B60B0014E44C /* Controller */ = {
			isa = PBXGroup;
			children = (
				61EEC3121F00B61D0014E44C /* QuotePriceViewController.h */,
				61EEC3131F00B61D0014E44C /* QuotePriceViewController.m */,
				61A193BF1F08BA9500059FE4 /* SearchViewController.h */,
				61A193C01F08BA9500059FE4 /* SearchViewController.m */,
				61A193C21F08BAB300059FE4 /* FilterViewController.h */,
				61A193C31F08BAB300059FE4 /* FilterViewController.m */,
				61A193C51F08BB1B00059FE4 /* SearchDetailViewController.h */,
				61A193C61F08BB1B00059FE4 /* SearchDetailViewController.m */,
				617BDF451F0B69B300645073 /* QuotePriceChartsDetailViewController.h */,
				617BDF461F0B69B300645073 /* QuotePriceChartsDetailViewController.m */,
			);
			path = Controller;
			sourceTree = "<group>";
		};
		61EEC3111F00B60B0014E44C /* View */ = {
			isa = PBXGroup;
			children = (
				61EEC3561F014DF00014E44C /* HMPNaviSegmentView.h */,
				61EEC3571F014DF00014E44C /* HMPNaviSegmentView.m */,
				612805471F01F73E00C31B18 /* QuotePriceStyleOneTableViewCell.h */,
				612805481F01F73E00C31B18 /* QuotePriceStyleOneTableViewCell.m */,
				6128054A1F01F74E00C31B18 /* QuotePriceStyleTwoTableViewCell.h */,
				6128054B1F01F74E00C31B18 /* QuotePriceStyleTwoTableViewCell.m */,
				6128054D1F01F75D00C31B18 /* QuotePriceStyleThreeTableViewCell.h */,
				6128054E1F01F75D00C31B18 /* QuotePriceStyleThreeTableViewCell.m */,
				612805501F01F76800C31B18 /* QuotePriceStyleFourTableViewCell.h */,
				612805511F01F76800C31B18 /* QuotePriceStyleFourTableViewCell.m */,
				612805531F01F77500C31B18 /* QuotePriceStyleFiveTableViewCell.h */,
				612805541F01F77500C31B18 /* QuotePriceStyleFiveTableViewCell.m */,
				612805561F01F77F00C31B18 /* QuotePriceStyleSixTableViewCell.h */,
				612805571F01F77F00C31B18 /* QuotePriceStyleSixTableViewCell.m */,
				617BDF421F0B2CCA00645073 /* QuotePriceTableViewCellBtn.h */,
				617BDF431F0B2CCA00645073 /* QuotePriceTableViewCellBtn.m */,
			);
			path = View;
			sourceTree = "<group>";
		};
		61EEC3211F00B6A70014E44C /* Model */ = {
			isa = PBXGroup;
			children = (
				61EEC3221F00B6B50014E44C /* UserObject.h */,
				61EEC3231F00B6B50014E44C /* UserObject.m */,
				61EEC3251F00B6FA0014E44C /* UserManger.h */,
				61EEC3261F00B6FA0014E44C /* UserManger.m */,
			);
			path = Model;
			sourceTree = "<group>";
		};
		61EEC32B1F00BBF90014E44C /* BaseVC(父类) */ = {
			isa = PBXGroup;
			children = (
				61EEC32C1F00BC0D0014E44C /* BaseNavigationController.h */,
				61EEC32D1F00BC0D0014E44C /* BaseNavigationController.m */,
				61EEC34A1F0125820014E44C /* HMPSegmentView.h */,
				61EEC34B1F0125820014E44C /* HMPSegmentView.m */,
				61EEC34D1F0125CC0014E44C /* HMPSegmentScrollView.h */,
				61EEC34E1F0125CC0014E44C /* HMPSegmentScrollView.m */,
			);
			path = "BaseVC(父类)";
			sourceTree = "<group>";
		};
		7520DB656E8AC4605944D187 /* Pods */ = {
			isa = PBXGroup;
			children = (
				C9D260F7D9EFC1E3656EE5E5 /* Pods-HeavyMetalProject.debug.xcconfig */,
				F59F22E901DFB454D863CC86 /* Pods-HeavyMetalProject.release.xcconfig */,
			);
			name = Pods;
			sourceTree = "<group>";
		};
/* End PBXGroup section */

/* Begin PBXNativeTarget section */
		61EEC2B21F00A6E40014E44C /* HeavyMetalProject */ = {
			isa = PBXNativeTarget;
			buildConfigurationList = 61EEC2E01F00A6E40014E44C /* Build configuration list for PBXNativeTarget "HeavyMetalProject" */;
			buildPhases = (
				010D1F6DB40E129662F0C309 /* [CP] Check Pods Manifest.lock */,
				61EEC2AF1F00A6E40014E44C /* Sources */,
				61EEC2B01F00A6E40014E44C /* Frameworks */,
				61EEC2B11F00A6E40014E44C /* Resources */,
				538FA184E35E4216332D262C /* [CP] Embed Pods Frameworks */,
				67A5F65C59CCC45171C233DD /* [CP] Copy Pods Resources */,
			);
			buildRules = (
			);
			dependencies = (
			);
			name = HeavyMetalProject;
			productName = HeavyMetalProject;
			productReference = 61EEC2B31F00A6E40014E44C /* HeavyMetalProject.app */;
			productType = "com.apple.product-type.application";
		};
		61EEC2CB1F00A6E40014E44C /* HeavyMetalProjectTests */ = {
			isa = PBXNativeTarget;
			buildConfigurationList = 61EEC2E31F00A6E40014E44C /* Build configuration list for PBXNativeTarget "HeavyMetalProjectTests" */;
			buildPhases = (
				61EEC2C81F00A6E40014E44C /* Sources */,
				61EEC2C91F00A6E40014E44C /* Frameworks */,
				61EEC2CA1F00A6E40014E44C /* Resources */,
			);
			buildRules = (
			);
			dependencies = (
				61EEC2CE1F00A6E40014E44C /* PBXTargetDependency */,
			);
			name = HeavyMetalProjectTests;
			productName = HeavyMetalProjectTests;
			productReference = 61EEC2CC1F00A6E40014E44C /* HeavyMetalProjectTests.xctest */;
			productType = "com.apple.product-type.bundle.unit-test";
		};
		61EEC2D61F00A6E40014E44C /* HeavyMetalProjectUITests */ = {
			isa = PBXNativeTarget;
			buildConfigurationList = 61EEC2E61F00A6E40014E44C /* Build configuration list for PBXNativeTarget "HeavyMetalProjectUITests" */;
			buildPhases = (
				61EEC2D31F00A6E40014E44C /* Sources */,
				61EEC2D41F00A6E40014E44C /* Frameworks */,
				61EEC2D51F00A6E40014E44C /* Resources */,
			);
			buildRules = (
			);
			dependencies = (
				61EEC2D91F00A6E40014E44C /* PBXTargetDependency */,
			);
			name = HeavyMetalProjectUITests;
			productName = HeavyMetalProjectUITests;
			productReference = 61EEC2D71F00A6E40014E44C /* HeavyMetalProjectUITests.xctest */;
			productType = "com.apple.product-type.bundle.ui-testing";
		};
/* End PBXNativeTarget section */

/* Begin PBXProject section */
		61EEC2AB1F00A6E40014E44C /* Project object */ = {
			isa = PBXProject;
			attributes = {
				LastUpgradeCheck = 0830;
				ORGANIZATIONNAME = "张浩";
				TargetAttributes = {
					61EEC2B21F00A6E40014E44C = {
						CreatedOnToolsVersion = 8.3.3;
						DevelopmentTeam = LTJT8NRPS6;
						ProvisioningStyle = Automatic;
					};
					61EEC2CB1F00A6E40014E44C = {
						CreatedOnToolsVersion = 8.3.3;
						DevelopmentTeam = LTJT8NRPS6;
						ProvisioningStyle = Automatic;
						TestTargetID = 61EEC2B21F00A6E40014E44C;
					};
					61EEC2D61F00A6E40014E44C = {
						CreatedOnToolsVersion = 8.3.3;
						DevelopmentTeam = LTJT8NRPS6;
						ProvisioningStyle = Automatic;
						TestTargetID = 61EEC2B21F00A6E40014E44C;
					};
				};
			};
			buildConfigurationList = 61EEC2AE1F00A6E40014E44C /* Build configuration list for PBXProject "HeavyMetalProject" */;
			compatibilityVersion = "Xcode 3.2";
			developmentRegion = English;
			hasScannedForEncodings = 0;
			knownRegions = (
				en,
				Base,
			);
			mainGroup = 61EEC2AA1F00A6E40014E44C;
			productRefGroup = 61EEC2B41F00A6E40014E44C /* Products */;
			projectDirPath = "";
			projectRoot = "";
			targets = (
				61EEC2B21F00A6E40014E44C /* HeavyMetalProject */,
				61EEC2CB1F00A6E40014E44C /* HeavyMetalProjectTests */,
				61EEC2D61F00A6E40014E44C /* HeavyMetalProjectUITests */,
			);
		};
/* End PBXProject section */

/* Begin PBXResourcesBuildPhase section */
		61EEC2B11F00A6E40014E44C /* Resources */ = {
			isa = PBXResourcesBuildPhase;
			buildActionMask = 2147483647;
			files = (
				61EEC2C61F00A6E40014E44C /* LaunchScreen.storyboard in Resources */,
				61EEC2C31F00A6E40014E44C /* Assets.xcassets in Resources */,
				61EEC2C11F00A6E40014E44C /* Main.storyboard in Resources */,
			);
			runOnlyForDeploymentPostprocessing = 0;
		};
		61EEC2CA1F00A6E40014E44C /* Resources */ = {
			isa = PBXResourcesBuildPhase;
			buildActionMask = 2147483647;
			files = (
			);
			runOnlyForDeploymentPostprocessing = 0;
		};
		61EEC2D51F00A6E40014E44C /* Resources */ = {
			isa = PBXResourcesBuildPhase;
			buildActionMask = 2147483647;
			files = (
			);
			runOnlyForDeploymentPostprocessing = 0;
		};
/* End PBXResourcesBuildPhase section */

/* Begin PBXShellScriptBuildPhase section */
		010D1F6DB40E129662F0C309 /* [CP] Check Pods Manifest.lock */ = {
			isa = PBXShellScriptBuildPhase;
			buildActionMask = 2147483647;
			files = (
			);
			inputPaths = (
			);
			name = "[CP] Check Pods Manifest.lock";
			outputPaths = (
			);
			runOnlyForDeploymentPostprocessing = 0;
			shellPath = /bin/sh;
			shellScript = "diff \"${PODS_PODFILE_DIR_PATH}/Podfile.lock\" \"${PODS_ROOT}/Manifest.lock\" > /dev/null\nif [ $? != 0 ] ; then\n    # print error to STDERR\n    echo \"error: The sandbox is not in sync with the Podfile.lock. Run 'pod install' or update your CocoaPods installation.\" >&2\n    exit 1\nfi\n";
			showEnvVarsInLog = 0;
		};
		538FA184E35E4216332D262C /* [CP] Embed Pods Frameworks */ = {
			isa = PBXShellScriptBuildPhase;
			buildActionMask = 2147483647;
			files = (
			);
			inputPaths = (
			);
			name = "[CP] Embed Pods Frameworks";
			outputPaths = (
			);
			runOnlyForDeploymentPostprocessing = 0;
			shellPath = /bin/sh;
			shellScript = "\"${SRCROOT}/Pods/Target Support Files/Pods-HeavyMetalProject/Pods-HeavyMetalProject-frameworks.sh\"\n";
			showEnvVarsInLog = 0;
		};
		67A5F65C59CCC45171C233DD /* [CP] Copy Pods Resources */ = {
			isa = PBXShellScriptBuildPhase;
			buildActionMask = 2147483647;
			files = (
			);
			inputPaths = (
			);
			name = "[CP] Copy Pods Resources";
			outputPaths = (
			);
			runOnlyForDeploymentPostprocessing = 0;
			shellPath = /bin/sh;
			shellScript = "\"${SRCROOT}/Pods/Target Support Files/Pods-HeavyMetalProject/Pods-HeavyMetalProject-resources.sh\"\n";
			showEnvVarsInLog = 0;
		};
/* End PBXShellScriptBuildPhase section */

/* Begin PBXSourcesBuildPhase section */
		61EEC2AF1F00A6E40014E44C /* Sources */ = {
			isa = PBXSourcesBuildPhase;
			buildActionMask = 2147483647;
			files = (
				6105C3E91F03971E00A96B2A /* CellModelObject.m in Sources */,
				6128055F1F02700D00C31B18 /* MidClassObject.m in Sources */,
				61DEBFA61F0542B00084D40C /* MBManager.m in Sources */,
				61A193C71F08BB1B00059FE4 /* SearchDetailViewController.m in Sources */,
				61EEC2BE1F00A6E40014E44C /* ViewController.m in Sources */,
				6128054C1F01F74E00C31B18 /* QuotePriceStyleTwoTableViewCell.m in Sources */,
				61EEC31D1F00B6520014E44C /* AttentionViewController.m in Sources */,
				61EEC3201F00B6660014E44C /* MineViewController.m in Sources */,
				617BDF471F0B69B300645073 /* QuotePriceChartsDetailViewController.m in Sources */,
				6105C3F51F03A32400A96B2A /* RegistViewController.m in Sources */,
				61EEC34F1F0125CC0014E44C /* HMPSegmentScrollView.m in Sources */,
				61EEC2EF1F00B0E90014E44C /* HMPTabBar.m in Sources */,
				61EEC32E1F00BC0D0014E44C /* BaseNavigationController.m in Sources */,
				6128055C1F026F8600C31B18 /* BigClassObject.m in Sources */,
				61EEC2EC1F00AFE80014E44C /* HMPTabBarController.m in Sources */,
				61EEC3581F014DF00014E44C /* HMPNaviSegmentView.m in Sources */,
				61EEC3141F00B61D0014E44C /* QuotePriceViewController.m in Sources */,
				61EEC2BB1F00A6E40014E44C /* AppDelegate.m in Sources */,
				61EEC3171F00B62C0014E44C /* NewsViewController.m in Sources */,
				6128054F1F01F75D00C31B18 /* QuotePriceStyleThreeTableViewCell.m in Sources */,
				6105C3EF1F03A09000A96B2A /* MineTitleView.m in Sources */,
				61EEC3011F00B2DB0014E44C /* HMPAFNetWorkManager.m in Sources */,
				612805581F01F78000C31B18 /* QuotePriceStyleSixTableViewCell.m in Sources */,
				61DEBFA91F0544B30084D40C /* ForgetPwdViewController.m in Sources */,
				61DEBFA11F0542140084D40C /* NSString+Common.m in Sources */,
				61EEC2FD1F00B2B40014E44C /* UIColor+Hex.m in Sources */,
				6105C3F21F03A30700A96B2A /* LoginViewController.m in Sources */,
				612805651F027A4C00C31B18 /* SmallClassObject.m in Sources */,
				612805491F01F73E00C31B18 /* QuotePriceStyleOneTableViewCell.m in Sources */,
				61EEC3041F00B48B0014E44C /* HMPConstantObject.m in Sources */,
				612805521F01F76800C31B18 /* QuotePriceStyleFourTableViewCell.m in Sources */,
				61A193CA1F08CB2400059FE4 /* FilterButton.m in Sources */,
				61EEC3241F00B6B50014E44C /* UserObject.m in Sources */,
				6105C4161F03D20700A96B2A /* LoginWithVerifyCodeViewController.m in Sources */,
				61DEBFAC1F054AAC0084D40C /* RegistProtocolButton.m in Sources */,
				61DEBF9E1F0541AC0084D40C /* UIButton+countDown.m in Sources */,
				61EEC34C1F0125820014E44C /* HMPSegmentView.m in Sources */,
				61A193C11F08BA9500059FE4 /* SearchViewController.m in Sources */,
				61EEC2B81F00A6E40014E44C /* main.m in Sources */,
				61EEC3311F00F2000014E44C /* UIView+Frame.m in Sources */,
				612805551F01F77500C31B18 /* QuotePriceStyleFiveTableViewCell.m in Sources */,
				61EEC2F21F00B13A0014E44C /* HMPTabBarButton.m in Sources */,
				617BDF441F0B2CCA00645073 /* QuotePriceTableViewCellBtn.m in Sources */,
				6105C3EC1F0397F700A96B2A /* CellModelPriceObject.m in Sources */,
				6105C4131F03D1FB00A96B2A /* LoginWithPwdViewController.m in Sources */,
				61EEC3271F00B6FA0014E44C /* UserManger.m in Sources */,
				61A193C41F08BAB300059FE4 /* FilterViewController.m in Sources */,
			);
			runOnlyForDeploymentPostprocessing = 0;
		};
		61EEC2C81F00A6E40014E44C /* Sources */ = {
			isa = PBXSourcesBuildPhase;
			buildActionMask = 2147483647;
			files = (
				61EEC2D11F00A6E40014E44C /* HeavyMetalProjectTests.m in Sources */,
			);
			runOnlyForDeploymentPostprocessing = 0;
		};
		61EEC2D31F00A6E40014E44C /* Sources */ = {
			isa = PBXSourcesBuildPhase;
			buildActionMask = 2147483647;
			files = (
				61EEC2DC1F00A6E40014E44C /* HeavyMetalProjectUITests.m in Sources */,
			);
			runOnlyForDeploymentPostprocessing = 0;
		};
/* End PBXSourcesBuildPhase section */

/* Begin PBXTargetDependency section */
		61EEC2CE1F00A6E40014E44C /* PBXTargetDependency */ = {
			isa = PBXTargetDependency;
			target = 61EEC2B21F00A6E40014E44C /* HeavyMetalProject */;
			targetProxy = 61EEC2CD1F00A6E40014E44C /* PBXContainerItemProxy */;
		};
		61EEC2D91F00A6E40014E44C /* PBXTargetDependency */ = {
			isa = PBXTargetDependency;
			target = 61EEC2B21F00A6E40014E44C /* HeavyMetalProject */;
			targetProxy = 61EEC2D81F00A6E40014E44C /* PBXContainerItemProxy */;
		};
/* End PBXTargetDependency section */

/* Begin PBXVariantGroup section */
		61EEC2BF1F00A6E40014E44C /* Main.storyboard */ = {
			isa = PBXVariantGroup;
			children = (
				61EEC2C01F00A6E40014E44C /* Base */,
			);
			name = Main.storyboard;
			sourceTree = "<group>";
		};
		61EEC2C41F00A6E40014E44C /* LaunchScreen.storyboard */ = {
			isa = PBXVariantGroup;
			children = (
				61EEC2C51F00A6E40014E44C /* Base */,
			);
			name = LaunchScreen.storyboard;
			sourceTree = "<group>";
		};
/* End PBXVariantGroup section */

/* Begin XCBuildConfiguration section */
		61EEC2DE1F00A6E40014E44C /* Debug */ = {
			isa = XCBuildConfiguration;
			buildSettings = {
				ALWAYS_SEARCH_USER_PATHS = NO;
				CLANG_ANALYZER_NONNULL = YES;
				CLANG_ANALYZER_NUMBER_OBJECT_CONVERSION = YES_AGGRESSIVE;
				CLANG_CXX_LANGUAGE_STANDARD = "gnu++0x";
				CLANG_CXX_LIBRARY = "libc++";
				CLANG_ENABLE_MODULES = YES;
				CLANG_ENABLE_OBJC_ARC = YES;
				CLANG_WARN_BOOL_CONVERSION = YES;
				CLANG_WARN_CONSTANT_CONVERSION = YES;
				CLANG_WARN_DIRECT_OBJC_ISA_USAGE = YES_ERROR;
				CLANG_WARN_DOCUMENTATION_COMMENTS = YES;
				CLANG_WARN_EMPTY_BODY = YES;
				CLANG_WARN_ENUM_CONVERSION = YES;
				CLANG_WARN_INFINITE_RECURSION = YES;
				CLANG_WARN_INT_CONVERSION = YES;
				CLANG_WARN_OBJC_ROOT_CLASS = YES_ERROR;
				CLANG_WARN_SUSPICIOUS_MOVE = YES;
				CLANG_WARN_UNREACHABLE_CODE = YES;
				CLANG_WARN__DUPLICATE_METHOD_MATCH = YES;
				"CODE_SIGN_IDENTITY[sdk=iphoneos*]" = "iPhone Developer";
				COPY_PHASE_STRIP = NO;
				DEBUG_INFORMATION_FORMAT = dwarf;
				ENABLE_STRICT_OBJC_MSGSEND = YES;
				ENABLE_TESTABILITY = YES;
				GCC_C_LANGUAGE_STANDARD = gnu99;
				GCC_DYNAMIC_NO_PIC = NO;
				GCC_NO_COMMON_BLOCKS = YES;
				GCC_OPTIMIZATION_LEVEL = 0;
				GCC_PREPROCESSOR_DEFINITIONS = (
					"DEBUG=1",
					"$(inherited)",
				);
				GCC_WARN_64_TO_32_BIT_CONVERSION = YES;
				GCC_WARN_ABOUT_RETURN_TYPE = YES_ERROR;
				GCC_WARN_UNDECLARED_SELECTOR = YES;
				GCC_WARN_UNINITIALIZED_AUTOS = YES_AGGRESSIVE;
				GCC_WARN_UNUSED_FUNCTION = YES;
				GCC_WARN_UNUSED_VARIABLE = YES;
				IPHONEOS_DEPLOYMENT_TARGET = 10.3;
				MTL_ENABLE_DEBUG_INFO = YES;
				ONLY_ACTIVE_ARCH = YES;
				SDKROOT = iphoneos;
				TARGETED_DEVICE_FAMILY = "1,2";
			};
			name = Debug;
		};
		61EEC2DF1F00A6E40014E44C /* Release */ = {
			isa = XCBuildConfiguration;
			buildSettings = {
				ALWAYS_SEARCH_USER_PATHS = NO;
				CLANG_ANALYZER_NONNULL = YES;
				CLANG_ANALYZER_NUMBER_OBJECT_CONVERSION = YES_AGGRESSIVE;
				CLANG_CXX_LANGUAGE_STANDARD = "gnu++0x";
				CLANG_CXX_LIBRARY = "libc++";
				CLANG_ENABLE_MODULES = YES;
				CLANG_ENABLE_OBJC_ARC = YES;
				CLANG_WARN_BOOL_CONVERSION = YES;
				CLANG_WARN_CONSTANT_CONVERSION = YES;
				CLANG_WARN_DIRECT_OBJC_ISA_USAGE = YES_ERROR;
				CLANG_WARN_DOCUMENTATION_COMMENTS = YES;
				CLANG_WARN_EMPTY_BODY = YES;
				CLANG_WARN_ENUM_CONVERSION = YES;
				CLANG_WARN_INFINITE_RECURSION = YES;
				CLANG_WARN_INT_CONVERSION = YES;
				CLANG_WARN_OBJC_ROOT_CLASS = YES_ERROR;
				CLANG_WARN_SUSPICIOUS_MOVE = YES;
				CLANG_WARN_UNREACHABLE_CODE = YES;
				CLANG_WARN__DUPLICATE_METHOD_MATCH = YES;
				"CODE_SIGN_IDENTITY[sdk=iphoneos*]" = "iPhone Developer";
				COPY_PHASE_STRIP = NO;
				DEBUG_INFORMATION_FORMAT = "dwarf-with-dsym";
				ENABLE_NS_ASSERTIONS = NO;
				ENABLE_STRICT_OBJC_MSGSEND = YES;
				GCC_C_LANGUAGE_STANDARD = gnu99;
				GCC_NO_COMMON_BLOCKS = YES;
				GCC_WARN_64_TO_32_BIT_CONVERSION = YES;
				GCC_WARN_ABOUT_RETURN_TYPE = YES_ERROR;
				GCC_WARN_UNDECLARED_SELECTOR = YES;
				GCC_WARN_UNINITIALIZED_AUTOS = YES_AGGRESSIVE;
				GCC_WARN_UNUSED_FUNCTION = YES;
				GCC_WARN_UNUSED_VARIABLE = YES;
				IPHONEOS_DEPLOYMENT_TARGET = 10.3;
				MTL_ENABLE_DEBUG_INFO = NO;
				SDKROOT = iphoneos;
				TARGETED_DEVICE_FAMILY = "1,2";
				VALIDATE_PRODUCT = YES;
			};
			name = Release;
		};
		61EEC2E11F00A6E40014E44C /* Debug */ = {
			isa = XCBuildConfiguration;
			baseConfigurationReference = C9D260F7D9EFC1E3656EE5E5 /* Pods-HeavyMetalProject.debug.xcconfig */;
			buildSettings = {
				ASSETCATALOG_COMPILER_APPICON_NAME = AppIcon;
				DEVELOPMENT_TEAM = LTJT8NRPS6;
				GCC_PREFIX_HEADER = "$(SRCROOT)/HeavyMetalProject/HMP-prefix.pch";
				INFOPLIST_FILE = HeavyMetalProject/Info.plist;
				LD_RUNPATH_SEARCH_PATHS = "$(inherited) @executable_path/Frameworks";
				PRODUCT_BUNDLE_IDENTIFIER = com.zh.HeavyMetalProject;
				PRODUCT_NAME = "$(TARGET_NAME)";
				SWIFT_VERSION = 3.0;
			};
			name = Debug;
		};
		61EEC2E21F00A6E40014E44C /* Release */ = {
			isa = XCBuildConfiguration;
			baseConfigurationReference = F59F22E901DFB454D863CC86 /* Pods-HeavyMetalProject.release.xcconfig */;
			buildSettings = {
				ASSETCATALOG_COMPILER_APPICON_NAME = AppIcon;
				DEVELOPMENT_TEAM = LTJT8NRPS6;
				GCC_PREFIX_HEADER = "$(SRCROOT)/HeavyMetalProject/HMP-prefix.pch";
				INFOPLIST_FILE = HeavyMetalProject/Info.plist;
				LD_RUNPATH_SEARCH_PATHS = "$(inherited) @executable_path/Frameworks";
				PRODUCT_BUNDLE_IDENTIFIER = com.zh.HeavyMetalProject;
				PRODUCT_NAME = "$(TARGET_NAME)";
				SWIFT_VERSION = 3.0;
			};
			name = Release;
		};
		61EEC2E41F00A6E40014E44C /* Debug */ = {
			isa = XCBuildConfiguration;
			buildSettings = {
				BUNDLE_LOADER = "$(TEST_HOST)";
				DEVELOPMENT_TEAM = LTJT8NRPS6;
				INFOPLIST_FILE = HeavyMetalProjectTests/Info.plist;
				LD_RUNPATH_SEARCH_PATHS = "$(inherited) @executable_path/Frameworks @loader_path/Frameworks";
				PRODUCT_BUNDLE_IDENTIFIER = com.zh.HeavyMetalProjectTests;
				PRODUCT_NAME = "$(TARGET_NAME)";
				TEST_HOST = "$(BUILT_PRODUCTS_DIR)/HeavyMetalProject.app/HeavyMetalProject";
			};
			name = Debug;
		};
		61EEC2E51F00A6E40014E44C /* Release */ = {
			isa = XCBuildConfiguration;
			buildSettings = {
				BUNDLE_LOADER = "$(TEST_HOST)";
				DEVELOPMENT_TEAM = LTJT8NRPS6;
				INFOPLIST_FILE = HeavyMetalProjectTests/Info.plist;
				LD_RUNPATH_SEARCH_PATHS = "$(inherited) @executable_path/Frameworks @loader_path/Frameworks";
				PRODUCT_BUNDLE_IDENTIFIER = com.zh.HeavyMetalProjectTests;
				PRODUCT_NAME = "$(TARGET_NAME)";
				TEST_HOST = "$(BUILT_PRODUCTS_DIR)/HeavyMetalProject.app/HeavyMetalProject";
			};
			name = Release;
		};
		61EEC2E71F00A6E40014E44C /* Debug */ = {
			isa = XCBuildConfiguration;
			buildSettings = {
				DEVELOPMENT_TEAM = LTJT8NRPS6;
				INFOPLIST_FILE = HeavyMetalProjectUITests/Info.plist;
				LD_RUNPATH_SEARCH_PATHS = "$(inherited) @executable_path/Frameworks @loader_path/Frameworks";
				PRODUCT_BUNDLE_IDENTIFIER = com.zh.HeavyMetalProjectUITests;
				PRODUCT_NAME = "$(TARGET_NAME)";
				TEST_TARGET_NAME = HeavyMetalProject;
			};
			name = Debug;
		};
		61EEC2E81F00A6E40014E44C /* Release */ = {
			isa = XCBuildConfiguration;
			buildSettings = {
				DEVELOPMENT_TEAM = LTJT8NRPS6;
				INFOPLIST_FILE = HeavyMetalProjectUITests/Info.plist;
				LD_RUNPATH_SEARCH_PATHS = "$(inherited) @executable_path/Frameworks @loader_path/Frameworks";
				PRODUCT_BUNDLE_IDENTIFIER = com.zh.HeavyMetalProjectUITests;
				PRODUCT_NAME = "$(TARGET_NAME)";
				TEST_TARGET_NAME = HeavyMetalProject;
			};
			name = Release;
		};
/* End XCBuildConfiguration section */

/* Begin XCConfigurationList section */
		61EEC2AE1F00A6E40014E44C /* Build configuration list for PBXProject "HeavyMetalProject" */ = {
			isa = XCConfigurationList;
			buildConfigurations = (
				61EEC2DE1F00A6E40014E44C /* Debug */,
				61EEC2DF1F00A6E40014E44C /* Release */,
			);
			defaultConfigurationIsVisible = 0;
			defaultConfigurationName = Release;
		};
		61EEC2E01F00A6E40014E44C /* Build configuration list for PBXNativeTarget "HeavyMetalProject" */ = {
			isa = XCConfigurationList;
			buildConfigurations = (
				61EEC2E11F00A6E40014E44C /* Debug */,
				61EEC2E21F00A6E40014E44C /* Release */,
			);
			defaultConfigurationIsVisible = 0;
			defaultConfigurationName = Release;
		};
		61EEC2E31F00A6E40014E44C /* Build configuration list for PBXNativeTarget "HeavyMetalProjectTests" */ = {
			isa = XCConfigurationList;
			buildConfigurations = (
				61EEC2E41F00A6E40014E44C /* Debug */,
				61EEC2E51F00A6E40014E44C /* Release */,
			);
			defaultConfigurationIsVisible = 0;
			defaultConfigurationName = Release;
		};
		61EEC2E61F00A6E40014E44C /* Build configuration list for PBXNativeTarget "HeavyMetalProjectUITests" */ = {
			isa = XCConfigurationList;
			buildConfigurations = (
				61EEC2E71F00A6E40014E44C /* Debug */,
				61EEC2E81F00A6E40014E44C /* Release */,
			);
			defaultConfigurationIsVisible = 0;
			defaultConfigurationName = Release;
		};
/* End XCConfigurationList section */
	};
	rootObject = 61EEC2AB1F00A6E40014E44C /* Project object */;
}
